# This file is generated by running "yarn install" inside your project.
# Manual changes might be lost - proceed with caution!

__metadata:
  version: 10
  cacheKey: 10c0

"@nodelib/fs.scandir@npm:2.1.5":
  version: 2.1.5
  resolution: "@nodelib/fs.scandir@npm:2.1.5"
  dependencies:
    "@nodelib/fs.stat": "npm:2.0.5"
    run-parallel: "npm:^1.1.9"
  checksum: 10c0/732c3b6d1b1e967440e65f284bd06e5821fedf10a1bea9ed2bb75956ea1f30e08c44d3def9d6a230666574edbaf136f8cfd319c14fd1f87c66e6a44449afb2eb
  languageName: node
  linkType: hard

"@nodelib/fs.stat@npm:2.0.5, @nodelib/fs.stat@npm:^2.0.2":
  version: 2.0.5
  resolution: "@nodelib/fs.stat@npm:2.0.5"
  checksum: 10c0/88dafe5e3e29a388b07264680dc996c17f4bda48d163a9d4f5c1112979f0ce8ec72aa7116122c350b4e7976bc5566dc3ddb579be1ceaacc727872eb4ed93926d
  languageName: node
  linkType: hard

"@nodelib/fs.walk@npm:^1.2.3":
  version: 1.2.8
  resolution: "@nodelib/fs.walk@npm:1.2.8"
  dependencies:
    "@nodelib/fs.scandir": "npm:2.1.5"
    fastq: "npm:^1.6.0"
  checksum: 10c0/db9de047c3bb9b51f9335a7bb46f4fcfb6829fb628318c12115fbaf7d369bfce71c15b103d1fc3b464812d936220ee9bc1c8f762d032c9f6be9acc99249095b1
  languageName: node
  linkType: hard

"@sindresorhus/df@npm:^1.0.1":
  version: 1.0.1
  resolution: "@sindresorhus/df@npm:1.0.1"
  checksum: 10c0/71a4ffb1e698cda2042ea82617915b4377ae58f4b43a16adca7810fe6f78e075e49e873adad7cafd443ffe0c82951fe5789a62f5a32a11513893d1a0d760ad53
  languageName: node
  linkType: hard

"@sindresorhus/df@npm:^3.1.1":
  version: 3.1.1
  resolution: "@sindresorhus/df@npm:3.1.1"
  dependencies:
    execa: "npm:^2.0.1"
  checksum: 10c0/39570379856aea81b9c79649779295f87985897a389fde708c43ae91079d9e2721cd6f6423d1330d934343cd5aa35612ddf072e1438ca9529ee13945b924f575
  languageName: node
  linkType: hard

"@sindresorhus/merge-streams@npm:^2.1.0":
  version: 2.3.0
  resolution: "@sindresorhus/merge-streams@npm:2.3.0"
  checksum: 10c0/69ee906f3125fb2c6bb6ec5cdd84e8827d93b49b3892bce8b62267116cc7e197b5cccf20c160a1d32c26014ecd14470a72a5e3ee37a58f1d6dadc0db1ccf3894
  languageName: node
  linkType: hard

"@stroncium/procfs@npm:^1.2.1":
  version: 1.2.1
  resolution: "@stroncium/procfs@npm:1.2.1"
  checksum: 10c0/94421e19073905c98e619aaa9a2b6dc65b3cd706d8b0ef6fc0f242b0edb80e7ddd25cbd19ff0506d7d56546b2dc95a458523dc5dee058bc9b7749c02c0758102
  languageName: node
  linkType: hard

"@types/fs-extra@npm:^11":
  version: 11.0.4
  resolution: "@types/fs-extra@npm:11.0.4"
  dependencies:
    "@types/jsonfile": "npm:*"
    "@types/node": "npm:*"
  checksum: 10c0/9e34f9b24ea464f3c0b18c3f8a82aefc36dc524cc720fc2b886e5465abc66486ff4e439ea3fb2c0acebf91f6d3f74e514f9983b1f02d4243706bdbb7511796ad
  languageName: node
  linkType: hard

"@types/jsonfile@npm:*":
  version: 6.1.4
  resolution: "@types/jsonfile@npm:6.1.4"
  dependencies:
    "@types/node": "npm:*"
  checksum: 10c0/b12d068b021e4078f6ac4441353965769be87acf15326173e2aea9f3bf8ead41bd0ad29421df5bbeb0123ec3fc02eb0a734481d52903704a1454a1845896b9eb
  languageName: node
  linkType: hard

"@types/mocha@npm:^10.0.10":
  version: 10.0.10
  resolution: "@types/mocha@npm:10.0.10"
  checksum: 10c0/d2b8c48138cde6923493e42b38e839695eb42edd04629abe480a8f34c0e3f50dd82a55832c2e8d2b6e6f9e4deb492d7d733e600fbbdd5a0ceccbcfc6844ff9d5
  languageName: node
  linkType: hard

"@types/node@npm:*, @types/node@npm:^26.6.3":
  version: 26.6.3
  resolution: "@types/node@npm:26.6.3"
  dependencies:
    undici-types: "npm:~8.9.0"
  checksum: 10c0/51070287167d157d246a5ad83e6ead93aa310bbd9cc880ecd1f244a00c2a31491620f997fbbb6ba4ce164388694827999ec68c1d16c3fb64c1037056e64613c7
  languageName: node
  linkType: hard

"@types/vscode@npm:^1.138.0":
  version: 1.138.0
  resolution: "@types/vscode@npm:1.138.0"
  checksum: 10c0/75bbfbfcc522dbb29e956abdc0b94523578fefe90cba444313337c3bd1a1f211e43e9f9bcfc5e6442ba5e1d955fafa7af5d81509419f7818e6f4a24c76ed0c5a
  languageName: node
  linkType: hard

"@typescript/typescript-aix-ppc64@npm:7.0.2":
  version: 7.0.2
  resolution: "@typescript/typescript-aix-ppc64@npm:7.0.2"
  conditions: os=aix & cpu=ppc64
  languageName: node
  linkType: hard

"@typescript/typescript-darwin-arm64@npm:7.0.2":
  version: 7.0.2
  resolution: "@typescript/typescript-darwin-arm64@npm:7.0.2"
  conditions: os=darwin & cpu=arm64
  languageName: node
  linkType: hard

"@typescript/typescript-darwin-x64@npm:7.0.2":
  version: 7.0.2
  resolution: "@typescript/typescript-darwin-x64@npm:7.0.2"
  conditions: os=darwin & cpu=x64
  languageName: node
  linkType: hard

"@typescript/typescript-freebsd-arm64@npm:7.0.2":
  version: 7.0.2
  resolution: "@typescript/typescript-freebsd-arm64@npm:7.0.2"
  conditions: os=freebsd & cpu=arm64
  languageName: node
  linkType: hard

"@typescript/typescript-freebsd-x64@npm:7.0.2":
  version: 7.0.2
  resolution: "@typescript/typescript-freebsd-x64@npm:7.0.2"
  conditions: os=freebsd & cpu=x64
  languageName: node
  linkType: hard

"@typescript/typescript-linux-arm64@npm:7.0.2":
  version: 7.0.2
  resolution: "@typescript/typescript-linux-arm64@npm:7.0.2"
  conditions: os=linux & cpu=arm64
  languageName: node
  linkType: hard

"@typescript/typescript-linux-arm@npm:7.0.2":
  version: 7.0.2
  resolution: "@typescript/typescript-linux-arm@npm:7.0.2"
  conditions: os=linux & cpu=arm
  languageName: node
  linkType: hard

"@typescript/typescript-linux-loong64@npm:7.0.2":
  version: 7.0.2
  resolution: "@typescript/typescript-linux-loong64@npm:7.0.2"
  conditions: os=linux & cpu=loong64
  languageName: node
  linkType: hard

"@typescript/typescript-linux-mips64el@npm:7.0.2":
  version: 7.0.2
  resolution: "@typescript/typescript-linux-mips64el@npm:7.0.2"
  conditions: os=linux & cpu=mips64el
  languageName: node
  linkType: hard

"@typescript/typescript-linux-ppc64@npm:7.0.2":
  version: 7.0.2
  resolution: "@typescript/typescript-linux-ppc64@npm:7.0.2"
  conditions: os=linux & cpu=ppc64
  languageName: node
  linkType: hard

"@typescript/typescript-linux-riscv64@npm:7.0.2":
  version: 7.0.2
  resolution: "@typescript/typescript-linux-riscv64@npm:7.0.2"
  conditions: os=linux & cpu=riscv64
  languageName: node
  linkType: hard

"@typescript/typescript-linux-s390x@npm:7.0.2":
  version: 7.0.2
  resolution: "@typescript/typescript-linux-s390x@npm:7.0.2"
  conditions: os=linux & cpu=s390x
  languageName: node
  linkType: hard

"@typescript/typescript-linux-x64@npm:7.0.2":
  version: 7.0.2
  resolution: "@typescript/typescript-linux-x64@npm:7.0.2"
  conditions: os=linux & cpu=x64
  languageName: node
  linkType: hard

"@typescript/typescript-netbsd-arm64@npm:7.0.2":
  version: 7.0.2
  resolution: "@typescript/typescript-netbsd-arm64@npm:7.0.2"
  conditions: os=netbsd & cpu=arm64
  languageName: node
  linkType: hard

"@typescript/typescript-netbsd-x64@npm:7.0.2":
  version: 7.0.2
  resolution: "@typescript/typescript-netbsd-x64@npm:7.0.2"
  conditions: os=netbsd & cpu=x64
  languageName: node
  linkType: hard

"@typescript/typescript-openbsd-arm64@npm:7.0.2":
  version: 7.0.2
  resolution: "@typescript/typescript-openbsd-arm64@npm:7.0.2"
  conditions: os=openbsd & cpu=arm64
  languageName: node
  linkType: hard

"@typescript/typescript-openbsd-x64@npm:7.0.2":
  version: 7.0.2
  resolution: "@typescript/typescript-openbsd-x64@npm:7.0.2"
  conditions: os=openbsd & cpu=x64
  languageName: node
  linkType: hard

"@typescript/typescript-sunos-x64@npm:7.0.2":
  version: 7.0.2
  resolution: "@typescript/typescript-sunos-x64@npm:7.0.2"
  conditions: os=sunos & cpu=x64
  languageName: node
  linkType: hard

"@typescript/typescript-win32-arm64@npm:7.0.2":
  version: 7.0.2
  resolution: "@typescript/typescript-win32-arm64@npm:7.0.2"
  conditions: os=win32 & cpu=arm64
  languageName: node
  linkType: hard

"@typescript/typescript-win32-x64@npm:7.0.2":
  version: 7.0.2
  resolution: "@typescript/typescript-win32-x64@npm:7.0.2"
  conditions: os=win32 & cpu=x64
  languageName: node
  linkType: hard

"argparse@npm:^2.0.1":
  version: 2.0.1
  resolution: "argparse@npm:2.0.1"
  checksum: 10c0/c5640c2d89045371c7cedd6a70212a04e360fd34d6edeae32f6952c63949e3525ea77dbec0289d8213a99bbaeab5abfa860b5c12cf88a2e6cf8106e90dd27a7e
  languageName: node
  linkType: hard

"balanced-match@npm:^4.0.2":
  version: 4.0.4
  resolution: "balanced-match@npm:4.0.4"
  checksum: 10c0/07e86102a3eb2ee2a6a1a89164f29d0dbaebd28f2ca3f5ca786f36b8b23d9e417eb3be45a4acf754f837be5ac0a2317de90d3fcb7f4f4dc95720a1f36b26a17b
  languageName: node
  linkType: hard

"brace-expansion@npm:^5.0.8":
  version: 5.0.12
  resolution: "brace-expansion@npm:5.0.12"
  dependencies:
    balanced-match: "npm:^4.0.2"
  checksum: 10c0/a40ac64d3bdb5bb222456514d3633c1f627f03b844f509c69e70f98b78be0ce85e21b44bbfecdd0ddd4cc0855ca4242b41ea96ddccf88c7c3c7a84405474bb3a
  languageName: node
  linkType: hard

"braces@npm:^3.0.3":
  version: 3.0.3
  resolution: "braces@npm:3.0.3"
  dependencies:
    fill-range: "npm:^7.1.1"
  checksum: 10c0/7c6dfd30c338d2997ba77500539227b9d1f85e388a5f43220865201e407e076783d0881f2d297b9f80951b4c957fcf0b51c1d2d24227631643c3f7c284b0aa04
  languageName: node
  linkType: hard

"browser-stdout@npm:^1.3.1":
  version: 1.3.1
  resolution: "browser-stdout@npm:1.3.1"
  checksum: 10c0/c40e482fd82be872b6ea7b9f7591beafbf6f5ba522fe3dade98ba1573a1c29a11101564993e4eb44e5488be8f44510af072df9a9637c739217eb155ceb639205
  languageName: node
  linkType: hard

"chokidar@npm:^5.0.0":
  version: 5.0.0
  resolution: "chokidar@npm:5.0.0"
  dependencies:
    readdirp: "npm:^5.0.0"
  checksum: 10c0/42fc907cb2a7ff5c9e220f84dae75380a77997f851c2a5e7865a2cf9ae45dd407a23557208cdcdbf3ac8c93341135a1748e4c48c31855f3bfa095e5159b6bdec
  languageName: node
  linkType: hard

"chunkify@npm:^5.0.0":
  version: 5.0.0
  resolution: "chunkify@npm:5.0.0"
  checksum: 10c0/1204eb08dbc069b42e0ad2c9506dce7783ec24f6ff4f14b01a67938b6af76ac7284bfd1d0d729897343b1172ec5d83e3a686bd1bdb456076e877e5565c9eb3cf
  languageName: node
  linkType: hard

"cross-spawn@npm:^7.0.0":
  version: 7.0.6
  resolution: "cross-spawn@npm:7.0.6"
  dependencies:
    path-key: "npm:^3.1.0"
    shebang-command: "npm:^2.0.0"
    which: "npm:^2.0.1"
  checksum: 10c0/053ea8b2135caff68a9e81470e845613e374e7309a47731e81639de3eaeb90c3d01af0e0b44d2ab9d50b43467223b88567dfeb3262db942dc063b9976718ffc1
  languageName: node
  linkType: hard

"debug@npm:^4.3.5":
  version: 4.4.3
  resolution: "debug@npm:4.4.3"
  dependencies:
    ms: "npm:^2.1.3"
  peerDependenciesMeta:
    supports-color:
      optional: true
  checksum: 10c0/d79136ec6c83ecbefd0f6a5593da6a9c91ec4d7ddc4b54c883d6e71ec9accb5f67a1a5e96d00a328196b5b5c86d365e98d8a3a70856aaf16b4e7b1985e67f5a6
  languageName: node
  linkType: hard

"diff@npm:^9.0.0":
  version: 9.0.0
  resolution: "diff@npm:9.0.0"
  checksum: 10c0/a971cc88f66071a33bd3942db2f51b57d484e9856265ae45cf44fb28ab2fde91f132d9c26d8be0fb6082d2be94d29e1295c1adb251b7461935d6a2dd304cd161
  languageName: node
  linkType: hard

"end-of-stream@npm:^1.1.0":
  version: 1.4.5
  resolution: "end-of-stream@npm:1.4.5"
  dependencies:
    once: "npm:^1.4.0"
  checksum: 10c0/b0701c92a10b89afb1cb45bf54a5292c6f008d744eb4382fa559d54775ff31617d1d7bc3ef617575f552e24fad2c7c1a1835948c66b3f3a4be0a6c1f35c883d8
  languageName: node
  linkType: hard

"execa@npm:^2.0.1":
  version: 2.1.0
  resolution: "execa@npm:2.1.0"
  dependencies:
    cross-spawn: "npm:^7.0.0"
    get-stream: "npm:^5.0.0"
    is-stream: "npm:^2.0.0"
    merge-stream: "npm:^2.0.0"
    npm-run-path: "npm:^3.0.0"
    onetime: "npm:^5.1.0"
    p-finally: "npm:^2.0.0"
    signal-exit: "npm:^3.0.2"
    strip-final-newline: "npm:^2.0.0"
  checksum: 10c0/6578db04a18a9d166a2de6f85be2f1130315fe5917d8163fdbbeaaec39f89cc20448e243dffe833f58b93c210fb3b19e3612c155c81853722497100b8230c34c
  languageName: node
  linkType: hard

"fast-glob@npm:^3.3.3":
  version: 3.3.3
  resolution: "fast-glob@npm:3.3.3"
  dependencies:
    "@nodelib/fs.stat": "npm:^2.0.2"
    "@nodelib/fs.walk": "npm:^1.2.3"
    glob-parent: "npm:^5.1.2"
    merge2: "npm:^1.3.0"
    micromatch: "npm:^4.0.8"
  checksum: 10c0/f6aaa141d0d3384cf73cbcdfc52f475ed293f6d5b65bfc5def368b09163a9f7e5ec2b3014d80f733c405f58e470ee0cc451c2937685045cddcdeaa24199c43fe
  languageName: node
  linkType: hard

"fastq@npm:^1.6.0":
  version: 1.20.3
  resolution: "fastq@npm:1.20.3"
  dependencies:
    reusify: "npm:^1.0.4"
  checksum: 10c0/ad055a1b50f7ec9142d2e13699ad6c4d1fa9fea1d947fff89de1b5ea3825223e9a626c359b3a0f21aefbe093cc2a9e92a91e068f982a2b176af16b9ea430ffc5
  languageName: node
  linkType: hard

"fill-range@npm:^7.1.1":
  version: 7.1.1
  resolution: "fill-range@npm:7.1.1"
  dependencies:
    to-regex-range: "npm:^5.0.1"
  checksum: 10c0/b75b691bbe065472f38824f694c2f7449d7f5004aa950426a2c28f0306c60db9b880c0b0e4ed819997ffb882d1da02cfcfc819bddc94d71627f5269682edf018
  languageName: node
  linkType: hard

"find-up-simple@npm:^1.0.1":
  version: 1.0.1
  resolution: "find-up-simple@npm:1.0.1"
  checksum: 10c0/ad34de157b7db925d50ff78302fefb28e309f3bc947c93ffca0f9b0bccf9cf1a2dc57d805d5c94ec9fc60f4838f5dbdfd2a48ecd77c23015fa44c6dd5f60bc40
  languageName: node
  linkType: hard

"fs-extra@npm:^11":
  version: 11.4.1
  resolution: "fs-extra@npm:11.4.1"
  dependencies:
    graceful-fs: "npm:^4.2.0"
    jsonfile: "npm:^6.0.1"
    universalify: "npm:^2.0.0"
  checksum: 10c0/15fafc34e0b6c1b59f0f92aae90b5fab44129ad7ebc1362cc593f2dec1d8a765b7b70b40e2bc779ee146f6ff13a736a065ddb991e5b597e294919ccb0c8ff834
  languageName: node
  linkType: hard

"get-stream@npm:^5.0.0":
  version: 5.2.0
  resolution: "get-stream@npm:5.2.0"
  dependencies:
    pump: "npm:^3.0.0"
  checksum: 10c0/43797ffd815fbb26685bf188c8cfebecb8af87b3925091dd7b9a9c915993293d78e3c9e1bce125928ff92f2d0796f3889b92b5ec6d58d1041b574682132e0a80
  languageName: node
  linkType: hard

"glob-parent@npm:^5.1.2":
  version: 5.1.2
  resolution: "glob-parent@npm:5.1.2"
  dependencies:
    is-glob: "npm:^4.0.1"
  checksum: 10c0/cab87638e2112bee3f839ef5f6e0765057163d39c66be8ec1602f3823da4692297ad4e972de876ea17c44d652978638d2fd583c6713d0eb6591706825020c9ee
  languageName: node
  linkType: hard

"glob@npm:^13.0.0":
  version: 13.0.6
  resolution: "glob@npm:13.0.6"
  dependencies:
    minimatch: "npm:^10.2.2"
    minipass: "npm:^7.1.3"
    path-scurry: "npm:^2.0.2"
  checksum: 10c0/269c236f11a9b50357fe7a8c6aadac667e01deb5242b19c84975628f05f4438d8ee1354bb62c5d6c10f37fd59911b54d7799730633a2786660d8c69f1d18120a
  languageName: node
  linkType: hard

"globby@npm:^14.1.0":
  version: 14.1.0
  resolution: "globby@npm:14.1.0"
  dependencies:
    "@sindresorhus/merge-streams": "npm:^2.1.0"
    fast-glob: "npm:^3.3.3"
    ignore: "npm:^7.0.3"
    path-type: "npm:^6.0.0"
    slash: "npm:^5.1.0"
    unicorn-magic: "npm:^0.3.0"
  checksum: 10c0/527a1063c5958255969620c6fa4444a2b2e9278caddd571d46dfbfa307cb15977afb746e84d682ba5b6c94fc081e8997f80ff05dd235441ba1cb16f86153e58e
  languageName: node
  linkType: hard

"graceful-fs@npm:^4.1.6, graceful-fs@npm:^4.2.0":
  version: 4.2.11
  resolution: "graceful-fs@npm:4.2.11"
  checksum: 10c0/386d011a553e02bc594ac2ca0bd6d9e4c22d7fa8cfbfc448a6d148c59ea881b092db9dbe3547ae4b88e55f1b01f7c4a2ecc53b310c042793e63aa44cf6c257f2
  languageName: node
  linkType: hard

"has-flag@npm:^4.0.0":
  version: 4.0.0
  resolution: "has-flag@npm:4.0.0"
  checksum: 10c0/2e789c61b7888d66993e14e8331449e525ef42aac53c627cc53d1c3334e768bcb6abdc4f5f0de1478a25beec6f0bd62c7549058b7ac53e924040d4f301f02fd1
  languageName: node
  linkType: hard

"ignore@npm:^7.0.3":
  version: 7.0.10
  resolution: "ignore@npm:7.0.10"
  checksum: 10c0/d3f68f0f89412996795850198ef2465bbf4222de4734273e8f100cbabae79fe5ae3643d6d3bbf43e7ec10e8d5b65be22df0e5084114d375611220b8b8d3d254a
  languageName: node
  linkType: hard

"is-docker@npm:^3.0.0":
  version: 3.0.0
  resolution: "is-docker@npm:3.0.0"
  bin:
    is-docker: cli.js
  checksum: 10c0/d2c4f8e6d3e34df75a5defd44991b6068afad4835bb783b902fa12d13ebdb8f41b2a199dcb0b5ed2cb78bfee9e4c0bbdb69c2d9646f4106464674d3e697a5856
  languageName: node
  linkType: hard

"is-extglob@npm:^2.1.1":
  version: 2.1.1
  resolution: "is-extglob@npm:2.1.1"
  checksum: 10c0/5487da35691fbc339700bbb2730430b07777a3c21b9ebaecb3072512dfd7b4ba78ac2381a87e8d78d20ea08affb3f1971b4af629173a6bf435ff8a4c47747912
  languageName: node
  linkType: hard

"is-glob@npm:^4.0.1":
  version: 4.0.3
  resolution: "is-glob@npm:4.0.3"
  dependencies:
    is-extglob: "npm:^2.1.1"
  checksum: 10c0/17fb4014e22be3bbecea9b2e3a76e9e34ff645466be702f1693e8f1ee1adac84710d0be0bd9f967d6354036fd51ab7c2741d954d6e91dae6bb69714de92c197a
  languageName: node
  linkType: hard

"is-inside-container@npm:^1.0.0":
  version: 1.0.0
  resolution: "is-inside-container@npm:1.0.0"
  dependencies:
    is-docker: "npm:^3.0.0"
  bin:
    is-inside-container: cli.js
  checksum: 10c0/a8efb0e84f6197e6ff5c64c52890fa9acb49b7b74fed4da7c95383965da6f0fa592b4dbd5e38a79f87fc108196937acdbcd758fcefc9b140e479b39ce1fcd1cd
  languageName: node
  linkType: hard

"is-number@npm:^7.0.0":
  version: 7.0.0
  resolution: "is-number@npm:7.0.0"
  checksum: 10c0/b4686d0d3053146095ccd45346461bc8e53b80aeb7671cc52a4de02dbbf7dc0d1d2a986e2fe4ae206984b4d34ef37e8b795ebc4f4295c978373e6575e295d811
  languageName: node
  linkType: hard

"is-path-inside@npm:^4.0.0":
  version: 4.0.0
  resolution: "is-path-inside@npm:4.0.0"
  checksum: 10c0/51188d7e2b1d907a9a5f7c18d99a90b60870b951ed87cf97595d9aaa429d4c010652c3350bcbf31182e7f4b0eab9a1860b43e16729b13cb1a44baaa6cdb64c46
  languageName: node
  linkType: hard

"is-stream@npm:^2.0.0":
  version: 2.0.1
  resolution: "is-stream@npm:2.0.1"
  checksum: 10c0/7c284241313fc6efc329b8d7f08e16c0efeb6baab1b4cd0ba579eb78e5af1aa5da11e68559896a2067cd6c526bd29241dda4eb1225e627d5aa1a89a76d4635a5
  languageName: node
  linkType: hard

"is-unicode-supported@npm:^0.1.0":
  version: 0.1.0
  resolution: "is-unicode-supported@npm:0.1.0"
  checksum: 10c0/00cbe3455c3756be68d2542c416cab888aebd5012781d6819749fefb15162ff23e38501fe681b3d751c73e8ff561ac09a5293eba6f58fdf0178462ce6dcb3453
  languageName: node
  linkType: hard

"is-wsl@npm:^3.1.0":
  version: 3.1.1
  resolution: "is-wsl@npm:3.1.1"
  dependencies:
    is-inside-container: "npm:^1.0.0"
  checksum: 10c0/7e5023522bfb8f27de4de960b0d82c4a8146c0bddb186529a3616d78b5bbbfc19ef0c5fc60d0b3a3cc0bf95a415fbdedc18454310ea3049587c879b07ace5107
  languageName: node
  linkType: hard

"isexe@npm:^2.0.0":
  version: 2.0.0
  resolution: "isexe@npm:2.0.0"
  checksum: 10c0/228cfa503fadc2c31596ab06ed6aa82c9976eec2bfd83397e7eaf06d0ccf42cd1dfd6743bf9aeb01aebd4156d009994c5f76ea898d2832c1fe342da923ca457d
  languageName: node
  linkType: hard

"js-yaml@npm:^5.0.0":
  version: 5.4.2
  resolution: "js-yaml@npm:5.4.2"
  dependencies:
    argparse: "npm:^2.0.1"
  bin:
    js-yaml: bin/js-yaml.mjs
  checksum: 10c0/ba7e0f72c93c7a84eca2c3de45d2a9188b16a20e83f036df723a3ac29e841496382d0b0849592f63028d1c640bcc5b65f88800da342f47469b5b99bda5c75bfc
  languageName: node
  linkType: hard

"jsonfile@npm:^6.0.1":
  version: 6.2.1
  resolution: "jsonfile@npm:6.2.1"
  dependencies:
    graceful-fs: "npm:^4.1.6"
    universalify: "npm:^2.0.0"
  dependenciesMeta:
    graceful-fs:
      optional: true
  checksum: 10c0/e1abf000ecee9942d4d028a8e02dc752617face227d72afd1cfb2187e2433079e625bf82b807a313689db71b6472c6b2b389a2340d2798737b1199a39631c28a
  languageName: node
  linkType: hard

"lru-cache@npm:^11.0.0":
  version: 11.5.3
  resolution: "lru-cache@npm:11.5.3"
  checksum: 10c0/2ad9bce6343a3544a1fd15364d8b35609aa52b2593d21fdc4877cabfe003b0f3deca4f9d6e9d13262f06e9e3d159de45c0a2f3edfc3adb46192333b5f146d8ed
  languageName: node
  linkType: hard

"merge-stream@npm:^2.0.0":
  version: 2.0.0
  resolution: "merge-stream@npm:2.0.0"
  checksum: 10c0/867fdbb30a6d58b011449b8885601ec1690c3e41c759ecd5a9d609094f7aed0096c37823ff4a7190ef0b8f22cc86beb7049196ff68c016e3b3c671d0dac91ce5
  languageName: node
  linkType: hard

"merge2@npm:^1.3.0":
  version: 1.4.1
  resolution: "merge2@npm:1.4.1"
  checksum: 10c0/254a8a4605b58f450308fc474c82ac9a094848081bf4c06778200207820e5193726dc563a0d2c16468810516a5c97d9d3ea0ca6585d23c58ccfff2403e8dbbeb
  languageName: node
  linkType: hard

"micromatch@npm:^4.0.8":
  version: 4.0.8
  resolution: "micromatch@npm:4.0.8"
  dependencies:
    braces: "npm:^3.0.3"
    picomatch: "npm:^2.3.1"
  checksum: 10c0/166fa6eb926b9553f32ef81f5f531d27b4ce7da60e5baf8c021d043b27a388fb95e46a8038d5045877881e673f8134122b59624d5cecbd16eb50a42e7a6b5ca8
  languageName: node
  linkType: hard

"mimic-fn@npm:^2.1.0":
  version: 2.1.0
  resolution: "mimic-fn@npm:2.1.0"
  checksum: 10c0/b26f5479d7ec6cc2bce275a08f146cf78f5e7b661b18114e2506dd91ec7ec47e7a25bf4360e5438094db0560bcc868079fb3b1fb3892b833c1ecbf63f80c95a4
  languageName: node
  linkType: hard

"minimatch@npm:^10.2.2":
  version: 10.2.6
  resolution: "minimatch@npm:10.2.6"
  dependencies:
    brace-expansion: "npm:^5.0.8"
  checksum: 10c0/4559a836243b98bd4d17ea9f7edae698717c76399eea7be374f3737f33164e4907f19e9726891ddeb122f750a5a7fa80d2ac43e851d6e5984dc4ff42ec127d3a
  languageName: node
  linkType: hard

"minipass@npm:^7.1.2, minipass@npm:^7.1.3":
  version: 7.1.3
  resolution: "minipass@npm:7.1.3"
  checksum: 10c0/539da88daca16533211ea5a9ee98dc62ff5742f531f54640dd34429e621955e91cc280a91a776026264b7f9f6735947629f920944e9c1558369e8bf22eb33fbb
  languageName: node
  linkType: hard

"mocha@npm:^12.0.2":
  version: 12.0.2
  resolution: "mocha@npm:12.0.2"
  dependencies:
    browser-stdout: "npm:^1.3.1"
    chokidar: "npm:^5.0.0"
    debug: "npm:^4.3.5"
    diff: "npm:^9.0.0"
    find-up-simple: "npm:^1.0.1"
    glob: "npm:^13.0.0"
    is-path-inside: "npm:^4.0.0"
    is-unicode-supported: "npm:^0.1.0"
    js-yaml: "npm:^5.0.0"
    minimatch: "npm:^10.2.2"
    ms: "npm:^2.1.3"
    picocolors: "npm:^1.1.1"
    serialize-javascript: "npm:^7.1.1"
    strip-json-comments: "npm:^5.0.3"
    supports-color: "npm:^8.1.1"
    workerpool: "npm:^10.0.0"
  bin:
    mocha: bin/mocha.js
  checksum: 10c0/11bf7ff6691b3f287b7e9e1cd35389add5d2ad4c5f6cdd66938fcbaed6caaa63025e341bd5971223c7e3a988dbf505e374ac1628c612ad9c9fb35bd837095c02
  languageName: node
  linkType: hard

"mock-fs@npm:^5.5.0":
  version: 5.5.0
  resolution: "mock-fs@npm:5.5.0"
  checksum: 10c0/56539c9ab1d29b72c4b3b54f003808c7c51e5c82454a80fc46fd811f40401652da32412bbf26daa4eabff0e44a08eeafbeb6c885c60c1111b5429a4279efbda4
  languageName: node
  linkType: hard

"mount-point@npm:^3.0.0":
  version: 3.0.0
  resolution: "mount-point@npm:3.0.0"
  dependencies:
    "@sindresorhus/df": "npm:^1.0.1"
    pify: "npm:^2.3.0"
    pinkie-promise: "npm:^2.0.1"
  checksum: 10c0/1837afa180c55f9d6b01f04680e4aae4561ef94f1e7db8747f60c6130e4932e8e6cf6c42febd15502985761726e1f3ad989ac9a5ab86eca61b9577935d64d222
  languageName: node
  linkType: hard

"move-file@npm:^4.1.0":
  version: 4.1.0
  resolution: "move-file@npm:4.1.0"
  checksum: 10c0/ab96580507ef8c3afec7700829c511e2942eadc86ade6f0aba6ad39856ad6856c5d11b9c6734f6240ea48dedf36a530122ba393b23f8437d45bb425f95fab0ba
  languageName: node
  linkType: hard

"ms@npm:^2.1.3":
  version: 2.1.3
  resolution: "ms@npm:2.1.3"
  checksum: 10c0/d924b57e7312b3b63ad21fc5b3dc0af5e78d61a1fc7cfb5457edaf26326bf62be5307cc87ffb6862ef1c2b33b0233cdb5d4f01c4c958cc0d660948b65a287a48
  languageName: node
  linkType: hard

"npm-run-path@npm:^3.0.0":
  version: 3.1.0
  resolution: "npm-run-path@npm:3.1.0"
  dependencies:
    path-key: "npm:^3.0.0"
  checksum: 10c0/8399f01239e9a5bf5a10bddbc71ecac97e0b7890e5b78abe9731fc759db48865b0686cc86ec079cd254a98ba119a3fa08f1b23f9de1a5428c19007bbc7b5a728
  languageName: node
  linkType: hard

"once@npm:^1.3.1, once@npm:^1.4.0":
  version: 1.4.0
  resolution: "once@npm:1.4.0"
  dependencies:
    wrappy: "npm:1"
  checksum: 10c0/5d48aca287dfefabd756621c5dfce5c91a549a93e9fdb7b8246bc4c4790aa2ec17b34a260530474635147aeb631a2dcc8b32c613df0675f96041cbb8244517d0
  languageName: node
  linkType: hard

"onetime@npm:^5.1.0":
  version: 5.1.2
  resolution: "onetime@npm:5.1.2"
  dependencies:
    mimic-fn: "npm:^2.1.0"
  checksum: 10c0/ffcef6fbb2692c3c40749f31ea2e22677a876daea92959b8a80b521d95cca7a668c884d8b2045d1d8ee7d56796aa405c405462af112a1477594cc63531baeb8f
  languageName: node
  linkType: hard

"os-homedir@npm:^1.0.0":
  version: 1.0.2
  resolution: "os-homedir@npm:1.0.2"
  checksum: 10c0/6be4aa67317ee247b8d46142e243fb4ef1d2d65d3067f54bfc5079257a2f4d4d76b2da78cba7af3cb3f56dbb2e4202e0c47f26171d11ca1ed4008d842c90363f
  languageName: node
  linkType: hard

"p-finally@npm:^2.0.0":
  version: 2.0.1
  resolution: "p-finally@npm:2.0.1"
  checksum: 10c0/a4ee34179f5e0eb5417462ca5afbca4b6b537b051ea87c8ec7649ffb2b60a8e82a06441792fe496ab0d0156c4060a3dfd707973915a1b8369b00f2531e3eab94
  languageName: node
  linkType: hard

"p-map@npm:^7.0.3":
  version: 7.0.8
  resolution: "p-map@npm:7.0.8"
  checksum: 10c0/1913c452dce4e17e87f7e91d998a191b9b44b97a81f5dd0c7154d2eb00179c41465f414fa23a5b2ef5644a4124cef348a88bbfc9cff6fd56551650a8c4ff1211
  languageName: node
  linkType: hard

"path-key@npm:^3.0.0, path-key@npm:^3.1.0":
  version: 3.1.1
  resolution: "path-key@npm:3.1.1"
  checksum: 10c0/748c43efd5a569c039d7a00a03b58eecd1d75f3999f5a28303d75f521288df4823bc057d8784eb72358b2895a05f29a070bc9f1f17d28226cc4e62494cc58c4c
  languageName: node
  linkType: hard

"path-scurry@npm:^2.0.2":
  version: 2.0.2
  resolution: "path-scurry@npm:2.0.2"
  dependencies:
    lru-cache: "npm:^11.0.0"
    minipass: "npm:^7.1.2"
  checksum: 10c0/b35ad37cf6557a87fd057121ce2be7695380c9138d93e87ae928609da259ea0a170fac6f3ef1eb3ece8a068e8b7f2f3adf5bb2374cf4d4a57fe484954fcc9482
  languageName: node
  linkType: hard

"path-type@npm:^6.0.0":
  version: 6.0.0
  resolution: "path-type@npm:6.0.0"
  checksum: 10c0/55baa8b1187d6dc683d5a9cfcc866168d6adff58e5db91126795376d818eee46391e00b2a4d53e44d844c7524a7d96aa68cc68f4f3e500d3d069a39e6535481c
  languageName: node
  linkType: hard

"picocolors@npm:^1.1.1":
  version: 1.1.1
  resolution: "picocolors@npm:1.1.1"
  checksum: 10c0/e2e3e8170ab9d7c7421969adaa7e1b31434f789afb9b3f115f6b96d91945041ac3ceb02e9ec6fe6510ff036bcc0bf91e69a1772edc0b707e12b19c0f2d6bcf58
  languageName: node
  linkType: hard

"picomatch@npm:^2.3.1":
  version: 2.3.2
  resolution: "picomatch@npm:2.3.2"
  checksum: 10c0/a554d1709e59be97d1acb9eaedbbc700a5c03dbd4579807baed95100b00420bc729335440ef15004ae2378984e2487a7c1cebd743cfdb72b6fa9ab69223c0d61
  languageName: node
  linkType: hard

"pify@npm:^2.3.0":
  version: 2.3.0
  resolution: "pify@npm:2.3.0"
  checksum: 10c0/551ff8ab830b1052633f59cb8adc9ae8407a436e06b4a9718bcb27dc5844b83d535c3a8512b388b6062af65a98c49bdc0dd523d8b2617b188f7c8fee457158dc
  languageName: node
  linkType: hard

"pinkie-promise@npm:^2.0.1":
  version: 2.0.1
  resolution: "pinkie-promise@npm:2.0.1"
  dependencies:
    pinkie: "npm:^2.0.0"
  checksum: 10c0/11b5e5ce2b090c573f8fad7b517cbca1bb9a247587306f05ae71aef6f9b2cd2b923c304aa9663c2409cfde27b367286179f1379bc4ec18a3fbf2bb0d473b160a
  languageName: node
  linkType: hard

"pinkie@npm:^2.0.0":
  version: 2.0.4
  resolution: "pinkie@npm:2.0.4"
  checksum: 10c0/25228b08b5597da42dc384221aa0ce56ee0fbf32965db12ba838e2a9ca0193c2f0609c45551ee077ccd2060bf109137fdb185b00c6d7e0ed7e35006d20fdcbc6
  languageName: node
  linkType: hard

"powershell-utils@npm:^0.1.0":
  version: 0.1.0
  resolution: "powershell-utils@npm:0.1.0"
  checksum: 10c0/a64713cf3583259c9ed6be211c06b4b19e8608bcb0f7f6287ffac0a95b8c7582b6b662eea0e201fd659492c8e9f9c5fd0bfc4579645c5add9c1a600075621c95
  languageName: node
  linkType: hard

"powershell-utils@npm:^0.2.0":
  version: 0.2.1
  resolution: "powershell-utils@npm:0.2.1"
  checksum: 10c0/be60cd95e78aa143256bfa5ce88736caf874f9b4ac1b9bb3a041749bf8eebb49cdbd1a9859ff7462f2c6421e15f96f711c1e60bd323998fe98d978a4a3116376
  languageName: node
  linkType: hard

"pump@npm:^3.0.0":
  version: 3.0.4
  resolution: "pump@npm:3.0.4"
  dependencies:
    end-of-stream: "npm:^1.1.0"
    once: "npm:^1.3.1"
  checksum: 10c0/2780e66b5471c19e3e3e1063b84f3f6a3a08367f24c5ed552f98cd5901e6ada27c7ad6495d4244f553fd03b01884a4561933064f053f47c8994d84fd352768ea
  languageName: node
  linkType: hard

"queue-microtask@npm:^1.2.2":
  version: 1.2.3
  resolution: "queue-microtask@npm:1.2.3"
  checksum: 10c0/900a93d3cdae3acd7d16f642c29a642aea32c2026446151f0778c62ac089d4b8e6c986811076e1ae180a694cedf077d453a11b58ff0a865629a4f82ab558e102
  languageName: node
  linkType: hard

"readdirp@npm:^5.0.0":
  version: 5.1.1
  resolution: "readdirp@npm:5.1.1"
  checksum: 10c0/5e99755684b9104761e48801828f4d2614efa33b1698629929c5985184dc63a7f8233c827832c40dc7be16b00cc871d303cf9de396d2fb74b9465ee2aa2424a1
  languageName: node
  linkType: hard

"reusify@npm:^1.0.4":
  version: 1.1.0
  resolution: "reusify@npm:1.1.0"
  checksum: 10c0/4eff0d4a5f9383566c7d7ec437b671cc51b25963bd61bf127c3f3d3f68e44a026d99b8d2f1ad344afff8d278a8fe70a8ea092650a716d22287e8bef7126bb2fa
  languageName: node
  linkType: hard

"run-parallel@npm:^1.1.9":
  version: 1.2.0
  resolution: "run-parallel@npm:1.2.0"
  dependencies:
    queue-microtask: "npm:^1.2.2"
  checksum: 10c0/200b5ab25b5b8b7113f9901bfe3afc347e19bb7475b267d55ad0eb86a62a46d77510cb0f232507c9e5d497ebda569a08a9867d0d14f57a82ad5564d991588b39
  languageName: node
  linkType: hard

"serialize-javascript@npm:^7.1.1":
  version: 7.1.2
  resolution: "serialize-javascript@npm:7.1.2"
  checksum: 10c0/568ea22e16893a26cd2506433b8d98bb82f4af37e149330a3deb042bd417516988e6ca9a5010739e1a8dc4866caae320f582dfd2a1a0f0ab69ba3c03f1e155ba
  languageName: node
  linkType: hard

"shebang-command@npm:^2.0.0":
  version: 2.0.0
  resolution: "shebang-command@npm:2.0.0"
  dependencies:
    shebang-regex: "npm:^3.0.0"
  checksum: 10c0/a41692e7d89a553ef21d324a5cceb5f686d1f3c040759c50aab69688634688c5c327f26f3ecf7001ebfd78c01f3c7c0a11a7c8bfd0a8bc9f6240d4f40b224e4e
  languageName: node
  linkType: hard

"shebang-regex@npm:^3.0.0":
  version: 3.0.0
  resolution: "shebang-regex@npm:3.0.0"
  checksum: 10c0/1dbed0726dd0e1152a92696c76c7f06084eb32a90f0528d11acd764043aacf76994b2fb30aa1291a21bd019d6699164d048286309a278855ee7bec06cf6fb690
  languageName: node
  linkType: hard

"signal-exit@npm:^3.0.2":
  version: 3.0.7
  resolution: "signal-exit@npm:3.0.7"
  checksum: 10c0/25d272fa73e146048565e08f3309d5b942c1979a6f4a58a8c59d5fa299728e9c2fcd1a759ec870863b1fd38653670240cd420dad2ad9330c71f36608a6a1c912
  languageName: node
  linkType: hard

"slash@npm:^5.1.0":
  version: 5.1.0
  resolution: "slash@npm:5.1.0"
  checksum: 10c0/eb48b815caf0bdc390d0519d41b9e0556a14380f6799c72ba35caf03544d501d18befdeeef074bc9c052acf69654bc9e0d79d7f1de0866284137a40805299eb3
  languageName: node
  linkType: hard

"strip-final-newline@npm:^2.0.0":
  version: 2.0.0
  resolution: "strip-final-newline@npm:2.0.0"
  checksum: 10c0/bddf8ccd47acd85c0e09ad7375409d81653f645fda13227a9d459642277c253d877b68f2e5e4d819fe75733b0e626bac7e954c04f3236f6d196f79c94fa4a96f
  languageName: node
  linkType: hard

"strip-json-comments@npm:^5.0.3":
  version: 5.0.3
  resolution: "strip-json-comments@npm:5.0.3"
  checksum: 10c0/daaf20b29f69fb51112698f4a9a662490dbb78d5baf6127c75a0a83c2ac6c078a8c0f74b389ad5e0519d6fc359c4a57cb9971b1ae201aef62ce45a13247791e0
  languageName: node
  linkType: hard

"supports-color@npm:^8.1.1":
  version: 8.1.1
  resolution: "supports-color@npm:8.1.1"
  dependencies:
    has-flag: "npm:^4.0.0"
  checksum: 10c0/ea1d3c275dd604c974670f63943ed9bd83623edc102430c05adb8efc56ba492746b6e95386e7831b872ec3807fd89dd8eb43f735195f37b5ec343e4234cc7e89
  languageName: node
  linkType: hard

"to-regex-range@npm:^5.0.1":
  version: 5.0.1
  resolution: "to-regex-range@npm:5.0.1"
  dependencies:
    is-number: "npm:^7.0.0"
  checksum: 10c0/487988b0a19c654ff3e1961b87f471702e708fa8a8dd02a298ef16da7206692e8552a0250e8b3e8759270f62e9d8314616f6da274734d3b558b1fc7b7724e892
  languageName: node
  linkType: hard

"trash@npm:^10.1.1":
  version: 10.1.1
  resolution: "trash@npm:10.1.1"
  dependencies:
    "@stroncium/procfs": "npm:^1.2.1"
    chunkify: "npm:^5.0.0"
    globby: "npm:^14.1.0"
    is-path-inside: "npm:^4.0.0"
    move-file: "npm:^4.1.0"
    p-map: "npm:^7.0.3"
    powershell-utils: "npm:^0.2.0"
    wsl-utils: "npm:^0.4.0"
    xdg-trashdir: "npm:^3.1.0"
  checksum: 10c0/ed299d4a376a64670b1e5d9a2af31f1b4233ffaa29efa2ab9f540e1505938be063da9cd26eccf0b65541414eb1ab1466a35a1022ef7b0fd6cd98bdc65a7c2246
  languageName: node
  linkType: hard

"typescript@npm:^7.0.2":
  version: 7.0.2
  resolution: "typescript@npm:7.0.2"
  dependencies:
    "@typescript/typescript-aix-ppc64": "npm:7.0.2"
    "@typescript/typescript-darwin-arm64": "npm:7.0.2"
    "@typescript/typescript-darwin-x64": "npm:7.0.2"
    "@typescript/typescript-freebsd-arm64": "npm:7.0.2"
    "@typescript/typescript-freebsd-x64": "npm:7.0.2"
    "@typescript/typescript-linux-arm": "npm:7.0.2"
    "@typescript/typescript-linux-arm64": "npm:7.0.2"
    "@typescript/typescript-linux-loong64": "npm:7.0.2"
    "@typescript/typescript-linux-mips64el": "npm:7.0.2"
    "@typescript/typescript-linux-ppc64": "npm:7.0.2"
    "@typescript/typescript-linux-riscv64": "npm:7.0.2"
    "@typescript/typescript-linux-s390x": "npm:7.0.2"
    "@typescript/typescript-linux-x64": "npm:7.0.2"
    "@typescript/typescript-netbsd-arm64": "npm:7.0.2"
    "@typescript/typescript-netbsd-x64": "npm:7.0.2"
    "@typescript/typescript-openbsd-arm64": "npm:7.0.2"
    "@typescript/typescript-openbsd-x64": "npm:7.0.2"
    "@typescript/typescript-sunos-x64": "npm:7.0.2"
    "@typescript/typescript-win32-arm64": "npm:7.0.2"
    "@typescript/typescript-win32-x64": "npm:7.0.2"
  dependenciesMeta:
    "@typescript/typescript-aix-ppc64":
      optional: true
    "@typescript/typescript-darwin-arm64":
      optional: true
    "@typescript/typescript-darwin-x64":
      optional: true
    "@typescript/typescript-freebsd-arm64":
      optional: true
    "@typescript/typescript-freebsd-x64":
      optional: true
    "@typescript/typescript-linux-arm":
      optional: true
    "@typescript/typescript-linux-arm64":
      optional: true
    "@typescript/typescript-linux-loong64":
      optional: true
    "@typescript/typescript-linux-mips64el":
      optional: true
    "@typescript/typescript-linux-ppc64":
      optional: true
    "@typescript/typescript-linux-riscv64":
      optional: true
    "@typescript/typescript-linux-s390x":
      optional: true
    "@typescript/typescript-linux-x64":
      optional: true
    "@typescript/typescript-netbsd-arm64":
      optional: true
    "@typescript/typescript-netbsd-x64":
      optional: true
    "@typescript/typescript-openbsd-arm64":
      optional: true
    "@typescript/typescript-openbsd-x64":
      optional: true
    "@typescript/typescript-sunos-x64":
      optional: true
    "@typescript/typescript-win32-arm64":
      optional: true
    "@typescript/typescript-win32-x64":
      optional: true
  bin:
    tsc: bin/tsc
  checksum: 10c0/3dcee51ec8c332492325bcdbf7df48b66668751f127e622ae7d41b6c716eb19184424a45e14f7750f50f340232388b69e6287859155f06a5ce2df76f12cb31cf
  languageName: node
  linkType: hard

"typescript@patch:typescript@npm%3A^7.0.2#optional!builtin<compat/typescript>":
  version: 7.0.2
  resolution: "typescript@patch:typescript@npm%3A7.0.2#optional!builtin<compat/typescript>::version=7.0.2&hash=3bafbf"
  dependencies:
    "@typescript/typescript-aix-ppc64": "npm:7.0.2"
    "@typescript/typescript-darwin-arm64": "npm:7.0.2"
    "@typescript/typescript-darwin-x64": "npm:7.0.2"
    "@typescript/typescript-freebsd-arm64": "npm:7.0.2"
    "@typescript/typescript-freebsd-x64": "npm:7.0.2"
    "@typescript/typescript-linux-arm": "npm:7.0.2"
    "@typescript/typescript-linux-arm64": "npm:7.0.2"
    "@typescript/typescript-linux-loong64": "npm:7.0.2"
    "@typescript/typescript-linux-mips64el": "npm:7.0.2"
    "@typescript/typescript-linux-ppc64": "npm:7.0.2"
    "@typescript/typescript-linux-riscv64": "npm:7.0.2"
    "@typescript/typescript-linux-s390x": "npm:7.0.2"
    "@typescript/typescript-linux-x64": "npm:7.0.2"
    "@typescript/typescript-netbsd-arm64": "npm:7.0.2"
    "@typescript/typescript-netbsd-x64": "npm:7.0.2"
    "@typescript/typescript-openbsd-arm64": "npm:7.0.2"
    "@typescript/typescript-openbsd-x64": "npm:7.0.2"
    "@typescript/typescript-sunos-x64": "npm:7.0.2"
    "@typescript/typescript-win32-arm64": "npm:7.0.2"
    "@typescript/typescript-win32-x64": "npm:7.0.2"
  dependenciesMeta:
    "@typescript/typescript-aix-ppc64":
      optional: true
    "@typescript/typescript-darwin-arm64":
      optional: true
    "@typescript/typescript-darwin-x64":
      optional: true
    "@typescript/typescript-freebsd-arm64":
      optional: true
    "@typescript/typescript-freebsd-x64":
      optional: true
    "@typescript/typescript-linux-arm":
      optional: true
    "@typescript/typescript-linux-arm64":
      optional: true
    "@typescript/typescript-linux-loong64":
      optional: true
    "@typescript/typescript-linux-mips64el":
      optional: true
    "@typescript/typescript-linux-ppc64":
      optional: true
    "@typescript/typescript-linux-riscv64":
      optional: true
    "@typescript/typescript-linux-s390x":
      optional: true
    "@typescript/typescript-linux-x64":
      optional: true
    "@typescript/typescript-netbsd-arm64":
      optional: true
    "@typescript/typescript-netbsd-x64":
      optional: true
    "@typescript/typescript-openbsd-arm64":
      optional: true
    "@typescript/typescript-openbsd-x64":
      optional: true
    "@typescript/typescript-sunos-x64":
      optional: true
    "@typescript/typescript-win32-arm64":
      optional: true
    "@typescript/typescript-win32-x64":
      optional: true
  bin:
    tsc: bin/tsc
  checksum: 10c0/6b3cdc369cd829d46e00734ea64233ee84419c2825ad8fe408915adde77abced4b7a2401f7eed517d54a7a4f5d1c1869753cb99018df1c2159c761d9f33483a6
  languageName: node
  linkType: hard

"undici-types@npm:~8.9.0":
  version: 8.9.0
  resolution: "undici-types@npm:8.9.0"
  checksum: 10c0/51c712c20c087368f62c6fc0f2bc49fa76bfe5dec28ff01584bb677ff29b0622569783c02d43e151143808c48c0503f804093bd2c491b10f2a830138034cb451
  languageName: node
  linkType: hard

"unicorn-magic@npm:^0.3.0":
  version: 0.3.0
  resolution: "unicorn-magic@npm:0.3.0"
  checksum: 10c0/0a32a997d6c15f1c2a077a15b1c4ca6f268d574cf5b8975e778bb98e6f8db4ef4e86dfcae4e158cd4c7e38fb4dd383b93b13eefddc7f178dea13d3ac8a603271
  languageName: node
  linkType: hard

"universalify@npm:^2.0.0":
  version: 2.0.1
  resolution: "universalify@npm:2.0.1"
  checksum: 10c0/73e8ee3809041ca8b818efb141801a1004e3fc0002727f1531f4de613ea281b494a40909596dae4a042a4fb6cd385af5d4db2e137b1362e0e91384b828effd3a
  languageName: node
  linkType: hard

"user-home@npm:^2.0.0":
  version: 2.0.0
  resolution: "user-home@npm:2.0.0"
  dependencies:
    os-homedir: "npm:^1.0.0"
  checksum: 10c0/cbcb251c64f0dce8f3a598049afa5dadd42c928f9834c8720227ee17ededa819296582f9964d963974787f00a4d4cd68e90fd69bc5d8df528d666a6882f84b0c
  languageName: node
  linkType: hard

"vscode-quick-file-actions@workspace:.":
  version: 0.0.0-use.local
  resolution: "vscode-quick-file-actions@workspace:."
  dependencies:
    "@types/fs-extra": "npm:^11"
    "@types/mocha": "npm:^10.0.10"
    "@types/node": "npm:^26.6.3"
    "@types/vscode": "npm:^1.138.0"
    fs-extra: "npm:^11"
    mocha: "npm:^12.0.2"
    mock-fs: "npm:^5.5.0"
    trash: "npm:^10.1.1"
    typescript: "npm:^7.0.2"
  languageName: unknown
  linkType: soft

"which@npm:^2.0.1":
  version: 2.0.2
  resolution: "which@npm:2.0.2"
  dependencies:
    isexe: "npm:^2.0.0"
  bin:
    node-which: ./bin/node-which
  checksum: 10c0/66522872a768b60c2a65a57e8ad184e5372f5b6a9ca6d5f033d4b0dc98aff63995655a7503b9c0a2598936f532120e81dd8cc155e2e92ed662a2b9377cc4374f
  languageName: node
  linkType: hard

"workerpool@npm:^10.0.0":
  version: 10.0.3
  resolution: "workerpool@npm:10.0.3"
  checksum: 10c0/a20a274ac9afc6c329f5b1661914a8ebd160320cfbd816b723b6ef385e41b186ef0bf2d6d82a77556fc33599ce14e40c7fdfd44a2a4daff488257cdd396fa9e9
  languageName: node
  linkType: hard

"wrappy@npm:1":
  version: 1.0.2
  resolution: "wrappy@npm:1.0.2"
  checksum: 10c0/56fece1a4018c6a6c8e28fbc88c87e0fbf4ea8fd64fc6c63b18f4acc4bd13e0ad2515189786dd2c30d3eec9663d70f4ecf699330002f8ccb547e4a18231fc9f0
  languageName: node
  linkType: hard

"wsl-utils@npm:^0.4.0":
  version: 0.4.0
  resolution: "wsl-utils@npm:0.4.0"
  dependencies:
    is-wsl: "npm:^3.1.0"
    powershell-utils: "npm:^0.1.0"
  checksum: 10c0/578c084dde46135792cbc7395e325ea370318f2e2f3f76aa3e581071dd17bb2a0ac9e77fea28f1916134c29277599383e9f2a471f47017dd419c6d35bed56689
  languageName: node
  linkType: hard

"xdg-basedir@npm:^4.0.0":
  version: 4.0.0
  resolution: "xdg-basedir@npm:4.0.0"
  checksum: 10c0/1b5d70d58355af90363a4e0a51c992e77fc5a1d8de5822699c7d6e96a6afea9a1e048cb93312be6870f338ca45ebe97f000425028fa149c1e87d1b5b8b212a06
  languageName: node
  linkType: hard

"xdg-trashdir@npm:^3.1.0":
  version: 3.1.0
  resolution: "xdg-trashdir@npm:3.1.0"
  dependencies:
    "@sindresorhus/df": "npm:^3.1.1"
    mount-point: "npm:^3.0.0"
    user-home: "npm:^2.0.0"
    xdg-basedir: "npm:^4.0.0"
  checksum: 10c0/8f3da0aa890faa0a30fb5ad127110e8c8f129b19751239a29d916cd9632a3376f77e51f843157c6b95c06042b45f30b5aff1991358f4b93f7d3cc7dab5f564a1
  languageName: node
  linkType: hard
